<?xml version="1.0" encoding="utf-8"?>
<Project ToolsVersion="4.0" xmlns="http://schemas.microsoft.com/developer/msbuild/2003">
  <ItemGroup>
    <Filter Include="소스 파일">
      <UniqueIdentifier>{4FC737F1-C7A5-4376-A066-2A32D752A2FF}</UniqueIdentifier>
      <Extensions>cpp;c;cc;cxx;c++;cppm;ixx;def;odl;idl;hpj;bat;asm;asmx</Extensions>
    </Filter>
    <Filter Include="헤더 파일">
      <UniqueIdentifier>{93995380-89BD-4b04-88EB-625FBE52EBFB}</UniqueIdentifier>
      <Extensions>h;hh;hpp;hxx;h++;hm;inl;inc;ipp;xsd</Extensions>
    </Filter>
    <Filter Include="리소스 파일">
      <UniqueIdentifier>{67DA6AB6-F800-4c08-8B7A-83BB121AAD01}</UniqueIdentifier>
      <Extensions>rc;ico;cur;bmp;dlg;rc2;rct;bin;rgs;gif;jpg;jpeg;jpe;resx;tiff;tif;png;wav;mfcribbon-ms</Extensions>
    </Filter>
    <Filter Include="쉐이더 파일">
      <UniqueIdentifier>{fd08ba7d-8f21-4065-a02a-da1f3d6868d2}</UniqueIdentifier>
    </Filter>
  </ItemGroup>
  <ItemGroup>
    <ClCompile Include="main.cpp">
      <Filter>소스 파일</Filter>
    </ClCompile>
    <ClCompile Include="App.cpp">
      <Filter>소스 파일</Filter>
    </ClCompile>
    <ClCompile Include="Chunk.cpp">
      <Filter>소스 파일</Filter>
    </ClCompile>
    <ClCompile Include="Camera.cpp">
      <Filter>소스 파일</Filter>
    </ClCompile>
    <ClCompile Include="Skybox.cpp">
      <Filter>소스 파일</Filter>
    </ClCompile>
    <ClCompile Include="ChunkManager.cpp">
      <Filter>소스 파일</Filter>
    </ClCompile>
    <ClCompile Include="Graphics.cpp">
      <Filter>소스 파일</Filter>
    </ClCompile>
    <ClCompile Include="GraphicsPSO.cpp">
      <Filter>소스 파일</Filter>
    </ClCompile>
    <ClCompile Include="Cloud.cpp">
      <Filter>소스 파일</Filter>
    </ClCompile>
    <ClCompile Include="PostEffect.cpp">
      <Filter>소스 파일</Filter>
    </ClCompile>
    <ClCompile Include="light.cpp">
      <Filter>소스 파일</Filter>
    </ClCompile>
    <ClCompile Include="WorldMap.cpp">
      <Filter>소스 파일</Filter>
    </ClCompile>
    <ClCompile Include="SimpleQuadRenderer.cpp">
      <Filter>소스 파일</Filter>
    </ClCompile>
    <ClCompile Include="Date.cpp">
      <Filter>소스 파일</Filter>
    </ClCompile>
    <ClCompile Include="Block.cpp">
      <Filter>소스 파일</Filter>
    </ClCompile>
    <ClCompile Include="Instance.cpp">
      <Filter>소스 파일</Filter>
    </ClCompile>
    <ClCompile Include="Biome.cpp">
      <Filter>소스 파일</Filter>
    </ClCompile>
    <ClCompile Include="Tree.cpp">
      <Filter>소스 파일</Filter>
    </ClCompile>
  </ItemGroup>
  <ItemGroup>
    <ClInclude Include="App.h">
      <Filter>헤더 파일</Filter>
    </ClInclude>
    <ClInclude Include="DXUtils.h">
      <Filter>헤더 파일</Filter>
    </ClInclude>
    <ClInclude Include="Block.h">
      <Filter>헤더 파일</Filter>
    </ClInclude>
    <ClInclude Include="Chunk.h">
      <Filter>헤더 파일</Filter>
    </ClInclude>
    <ClInclude Include="Camera.h">
      <Filter>헤더 파일</Filter>
    </ClInclude>
    <ClInclude Include="Structure.h">
      <Filter>헤더 파일</Filter>
    </ClInclude>
    <ClInclude Include="Skybox.h">
      <Filter>헤더 파일</Filter>
    </ClInclude>
    <ClInclude Include="ChunkManager.h">
      <Filter>헤더 파일</Filter>
    </ClInclude>
    <ClInclude Include="Graphics.h">
      <Filter>헤더 파일</Filter>
    </ClInclude>
    <ClInclude Include="Utils.h">
      <Filter>헤더 파일</Filter>
    </ClInclude>
    <ClInclude Include="GraphicsPSO.h">
      <Filter>헤더 파일</Filter>
    </ClInclude>
    <ClInclude Include="Terrain.h">
      <Filter>헤더 파일</Filter>
    </ClInclude>
    <ClInclude Include="Cloud.h">
      <Filter>헤더 파일</Filter>
    </ClInclude>
    <ClInclude Include="Terrain.h">
      <Filter>헤더 파일</Filter>
    </ClInclude>
    <ClInclude Include="PostEffect.h">
      <Filter>헤더 파일</Filter>
    </ClInclude>
    <ClInclude Include="MeshGenerator.h">
      <Filter>헤더 파일</Filter>
    </ClInclude>
    <ClInclude Include="Instance.h">
      <Filter>헤더 파일</Filter>
    </ClInclude>
    <ClInclude Include="light.h">
      <Filter>헤더 파일</Filter>
    </ClInclude>
    <ClInclude Include="WorldMap.h">
      <Filter>헤더 파일</Filter>
    </ClInclude>
    <ClInclude Include="SimpleQuadRenderer.h">
      <Filter>헤더 파일</Filter>
    </ClInclude>
    <ClInclude Include="Date.h">
      <Filter>헤더 파일</Filter>
    </ClInclude>
    <ClInclude Include="Enums.h">
      <Filter>헤더 파일</Filter>
    </ClInclude>
    <ClInclude Include="Biome.h">
      <Filter>헤더 파일</Filter>
    </ClInclude>
    <ClInclude Include="Tree.h">
      <Filter>헤더 파일</Filter>
    </ClInclude>
    <ClInclude Include="Type.h">
      <Filter>헤더 파일</Filter>
    </ClInclude>
  </ItemGroup>
  <ItemGroup>
    <None Include=".clang-format" />
    <None Include="..\.gitignore" />
    <None Include="Common.hlsli">
      <Filter>쉐이더 파일</Filter>
    </None>
  </ItemGroup>
  <ItemGroup>
    <FxCompile Include="BasicVS.hlsl">
      <Filter>쉐이더 파일</Filter>
    </FxCompile>
    <FxCompile Include="BasicPS.hlsl">
      <Filter>쉐이더 파일</Filter>
    </FxCompile>
    <FxCompile Include="SkyboxPS.hlsl">
      <Filter>쉐이더 파일</Filter>
    </FxCompile>
    <FxCompile Include="SkyboxVS.hlsl">
      <Filter>쉐이더 파일</Filter>
    </FxCompile>
    <FxCompile Include="CloudVS.hlsl">
      <Filter>쉐이더 파일</Filter>
    </FxCompile>
    <FxCompile Include="CloudPS.hlsl">
      <Filter>쉐이더 파일</Filter>
    </FxCompile>
    <FxCompile Include="SamplingVS.hlsl">
      <Filter>쉐이더 파일</Filter>
    </FxCompile>
    <FxCompile Include="SamplingPS.hlsl">
      <Filter>쉐이더 파일</Filter>
    </FxCompile>
    <FxCompile Include="FogFilterPS.hlsl">
      <Filter>쉐이더 파일</Filter>
    </FxCompile>
    <FxCompile Include="InstanceVS.hlsl">
      <Filter>쉐이더 파일</Filter>
    </FxCompile>
    <FxCompile Include="MirrorMaskingPS.hlsl">
      <Filter>쉐이더 파일</Filter>
    </FxCompile>
    <FxCompile Include="WaterPlanePS.hlsl">
      <Filter>쉐이더 파일</Filter>
    </FxCompile>
    <FxCompile Include="BlurPS.hlsl">
      <Filter>쉐이더 파일</Filter>
    </FxCompile>
    <FxCompile Include="ShadowGS.hlsl">
      <Filter>쉐이더 파일</Filter>
    </FxCompile>
    <FxCompile Include="WaterFilterPS.hlsl">
      <Filter>쉐이더 파일</Filter>
    </FxCompile>
    <FxCompile Include="SsaoPS.hlsl">
      <Filter>쉐이더 파일</Filter>
    </FxCompile>
    <FxCompile Include="EdgeMaskingPS.hlsl">
      <Filter>쉐이더 파일</Filter>
    </FxCompile>
    <FxCompile Include="ShadingBasicPS.hlsl">
      <Filter>쉐이더 파일</Filter>
    </FxCompile>
    <FxCompile Include="CombineBloomPS.hlsl">
      <Filter>쉐이더 파일</Filter>
    </FxCompile>
    <FxCompile Include="BloomDownPS.hlsl">
      <Filter>쉐이더 파일</Filter>
    </FxCompile>
    <FxCompile Include="BloomUpPS.hlsl">
      <Filter>쉐이더 파일</Filter>
    </FxCompile>
    <FxCompile Include="InstanceShadowPS.hlsl">
      <Filter>쉐이더 파일</Filter>
    </FxCompile>
    <FxCompile Include="BiomeMapPS.hlsl">
      <Filter>쉐이더 파일</Filter>
    </FxCompile>
    <FxCompile Include="PickingBlockVS.hlsl">
      <Filter>쉐이더 파일</Filter>
    </FxCompile>
    <FxCompile Include="PickingBlockPS.hlsl">
      <Filter>쉐이더 파일</Filter>
    </FxCompile>
  </ItemGroup>
</Project>